
Microsoft Visual Studio Solution File, Format Version 12.00
# Visual Studio 15
VisualStudioVersion = 15.0.28307.645
MinimumVisualStudioVersion = 10.0.40219.1
Project("{FAE04EC0-301F-11D3-BF4B-00C04F79EFBC}") = "EFCoreIssueRepro", "EFCoreIssueRepro\EFCoreIssueRepro.csproj", "{064DE873-C5EB-43CA-B55A-9B6108BF60BF}"
EndProject
Global
	GlobalSection(SolutionConfigurationPlatforms) = preSolution
		Debug|Any CPU = Debug|Any CPU
		Release|Any CPU = Release|Any CPU
	EndGlobalSection
	GlobalSection(ProjectConfigurationPlatforms) = postSolution
		{064DE873-C5EB-43CA-B55A-9B6108BF60BF}.Debug|Any CPU.ActiveCfg = Debug|Any CPU
		{064DE873-C5EB-43CA-B55A-9B6108BF60BF}.Debug|Any CPU.Build.0 = Debug|Any CPU
		{064DE873-C5EB-43CA-B55A-9B6108BF60BF}.Release|Any CPU.ActiveCfg = Release|Any CPU
		{064DE873-C5EB-43CA-B55A-9B6108BF60BF}.Release|Any CPU.Build.0 = Release|Any CPU
	EndGlobalSection
	GlobalSection(SolutionProperties) = preSolution
		HideSolutionNode = FALSE
	EndGlobalSection
	GlobalSection(ExtensibilityGlobals) = postSolution
		SolutionGuid = {C4594A1E-6377-4515-9246-AA3B32C857EB}
	EndGlobalSection
EndGlobal
